
Microsoft Visual Studio Solution File, Format Version 12.00
# Visual Studio 15
VisualStudioVersion = 15.0.28010.2041
MinimumVisualStudioVersion = 10.0.40219.1
Project("{FAE04EC0-301F-11D3-BF4B-00C04F79EFBC}") = "DescargaExcel", "DescargaExcel\DescargaExcel.csproj", "{6A624752-4ECC-45FF-B5A3-F2D1EFA44E90}"
EndProject
Project("{2150E333-8FDC-42A3-9474-1A3956D46DE8}") = "Escritorio", "Escritorio", "{270E20B9-1014-4B9F-94C4-ABFBB18D1EA3}"
EndProject
Project("{FAE04EC0-301F-11D3-BF4B-00C04F79EFBC}") = "Prueba", "..\Prueba\Prueba\Prueba.csproj", "{0E672081-D30B-4B59-96D1-7799330A26E0}"
EndProject
Project("{2150E333-8FDC-42A3-9474-1A3956D46DE8}") = "Web", "Web", "{176B11EC-2620-45FB-90AC-D171DE54BC86}"
EndProject
Project("{2150E333-8FDC-42A3-9474-1A3956D46DE8}") = "Datos", "Datos", "{81AE9F2E-B3F5-4E0B-87A4-97B0427892FC}"
EndProject
Project("{FAE04EC0-301F-11D3-BF4B-00C04F79EFBC}") = "Datos", "Datos\Datos.csproj", "{AE46811A-D861-41A0-84E0-D0E76D2F06EC}"
EndProject
Project("{2150E333-8FDC-42A3-9474-1A3956D46DE8}") = "Modelo", "Modelo", "{FDEAFCD2-226E-41DA-87F5-F3DF75D71E64}"
EndProject
Project("{FAE04EC0-301F-11D3-BF4B-00C04F79EFBC}") = "Modelo", "Modelo\Modelo.csproj", "{C3EDF30E-F320-496F-B36B-40917EF3C1C8}"
EndProject
Global
	GlobalSection(SolutionConfigurationPlatforms) = preSolution
		Debug|Any CPU = Debug|Any CPU
		Release|Any CPU = Release|Any CPU
	EndGlobalSection
	GlobalSection(ProjectConfigurationPlatforms) = postSolution
		{6A624752-4ECC-45FF-B5A3-F2D1EFA44E90}.Debug|Any CPU.ActiveCfg = Debug|Any CPU
		{6A624752-4ECC-45FF-B5A3-F2D1EFA44E90}.Debug|Any CPU.Build.0 = Debug|Any CPU
		{6A624752-4ECC-45FF-B5A3-F2D1EFA44E90}.Release|Any CPU.ActiveCfg = Release|Any CPU
		{6A624752-4ECC-45FF-B5A3-F2D1EFA44E90}.Release|Any CPU.Build.0 = Release|Any CPU
		{0E672081-D30B-4B59-96D1-7799330A26E0}.Debug|Any CPU.ActiveCfg = Debug|Any CPU
		{0E672081-D30B-4B59-96D1-7799330A26E0}.Debug|Any CPU.Build.0 = Debug|Any CPU
		{0E672081-D30B-4B59-96D1-7799330A26E0}.Release|Any CPU.ActiveCfg = Release|Any CPU
		{0E672081-D30B-4B59-96D1-7799330A26E0}.Release|Any CPU.Build.0 = Release|Any CPU
		{AE46811A-D861-41A0-84E0-D0E76D2F06EC}.Debug|Any CPU.ActiveCfg = Debug|Any CPU
		{AE46811A-D861-41A0-84E0-D0E76D2F06EC}.Debug|Any CPU.Build.0 = Debug|Any CPU
		{AE46811A-D861-41A0-84E0-D0E76D2F06EC}.Release|Any CPU.ActiveCfg = Release|Any CPU
		{AE46811A-D861-41A0-84E0-D0E76D2F06EC}.Release|Any CPU.Build.0 = Release|Any CPU
		{C3EDF30E-F320-496F-B36B-40917EF3C1C8}.Debug|Any CPU.ActiveCfg = Debug|Any CPU
		{C3EDF30E-F320-496F-B36B-40917EF3C1C8}.Debug|Any CPU.Build.0 = Debug|Any CPU
		{C3EDF30E-F320-496F-B36B-40917EF3C1C8}.Release|Any CPU.ActiveCfg = Release|Any CPU
		{C3EDF30E-F320-496F-B36B-40917EF3C1C8}.Release|Any CPU.Build.0 = Release|Any CPU
	EndGlobalSection
	GlobalSection(SolutionProperties) = preSolution
		HideSolutionNode = FALSE
	EndGlobalSection
	GlobalSection(NestedProjects) = preSolution
		{6A624752-4ECC-45FF-B5A3-F2D1EFA44E90} = {176B11EC-2620-45FB-90AC-D171DE54BC86}
		{0E672081-D30B-4B59-96D1-7799330A26E0} = {270E20B9-1014-4B9F-94C4-ABFBB18D1EA3}
		{AE46811A-D861-41A0-84E0-D0E76D2F06EC} = {81AE9F2E-B3F5-4E0B-87A4-97B0427892FC}
		{C3EDF30E-F320-496F-B36B-40917EF3C1C8} = {FDEAFCD2-226E-41DA-87F5-F3DF75D71E64}
	EndGlobalSection
	GlobalSection(ExtensibilityGlobals) = postSolution
		SolutionGuid = {90435E42-7A1F-46CB-8987-298D28F9B1AF}
	EndGlobalSection
EndGlobal
